
Microsoft Visual Studio Solution File, Format Version 12.00
# Visual Studio Version 16
VisualStudioVersion = 16.0.30114.105
MinimumVisualStudioVersion = 10.0.40219.1
Project("{9A19103F-16F7-4668-BE54-9A1E7A4F7556}") = "Model.Entity", "ModelEntity\Model.Entity\Model.Entity.csproj", "{3F069757-2236-4C70-BA6B-B06FC1F6455B}"
EndProject
Project("{FAE04EC0-301F-11D3-BF4B-00C04F79EFBC}") = "Service", "Service\Service\Service.csproj", "{8C757558-F304-42A7-A279-F3361932690C}"
EndProject
Project("{FAE04EC0-301F-11D3-BF4B-00C04F79EFBC}") = "WebAppUI", "UI\WebAppUI\WebAppUI.csproj", "{32BD551B-9308-48C4-BAB6-F10E0E70287F}"
EndProject
Global
	GlobalSection(SolutionConfigurationPlatforms) = preSolution
		Debug|Any CPU = Debug|Any CPU
		Release|Any CPU = Release|Any CPU
	EndGlobalSection
	GlobalSection(ProjectConfigurationPlatforms) = postSolution
		{3F069757-2236-4C70-BA6B-B06FC1F6455B}.Debug|Any CPU.ActiveCfg = Debug|Any CPU
		{3F069757-2236-4C70-BA6B-B06FC1F6455B}.Debug|Any CPU.Build.0 = Debug|Any CPU
		{3F069757-2236-4C70-BA6B-B06FC1F6455B}.Release|Any CPU.ActiveCfg = Release|Any CPU
		{3F069757-2236-4C70-BA6B-B06FC1F6455B}.Release|Any CPU.Build.0 = Release|Any CPU
		{8C757558-F304-42A7-A279-F3361932690C}.Debug|Any CPU.ActiveCfg = Debug|Any CPU
		{8C757558-F304-42A7-A279-F3361932690C}.Debug|Any CPU.Build.0 = Debug|Any CPU
		{8C757558-F304-42A7-A279-F3361932690C}.Release|Any CPU.ActiveCfg = Release|Any CPU
		{8C757558-F304-42A7-A279-F3361932690C}.Release|Any CPU.Build.0 = Release|Any CPU
		{32BD551B-9308-48C4-BAB6-F10E0E70287F}.Debug|Any CPU.ActiveCfg = Debug|Any CPU
		{32BD551B-9308-48C4-BAB6-F10E0E70287F}.Debug|Any CPU.Build.0 = Debug|Any CPU
		{32BD551B-9308-48C4-BAB6-F10E0E70287F}.Release|Any CPU.ActiveCfg = Release|Any CPU
		{32BD551B-9308-48C4-BAB6-F10E0E70287F}.Release|Any CPU.Build.0 = Release|Any CPU
	EndGlobalSection
	GlobalSection(SolutionProperties) = preSolution
		HideSolutionNode = FALSE
	EndGlobalSection
	GlobalSection(ExtensibilityGlobals) = postSolution
		SolutionGuid = {56046004-6887-4378-94BB-135121761C64}
	EndGlobalSection
EndGlobal
